
Microsoft Visual Studio Solution File, Format Version 12.00
# Visual Studio Version 17
VisualStudioVersion = 17.8.34322.80
MinimumVisualStudioVersion = 10.0.40219.1
Project("{FAE04EC0-301F-11D3-BF4B-00C04F79EFBC}") = "Ejercicio06.Ficheros.C", "Ejercicio06.Ficheros.C\Ejercicio06.Ficheros.C.csproj", "{93E354E7-1E00-4D2A-82D0-57D7927847A8}"
EndProject
Global
	GlobalSection(SolutionConfigurationPlatforms) = preSolution
		Debug|Any CPU = Debug|Any CPU
		Release|Any CPU = Release|Any CPU
	EndGlobalSection
	GlobalSection(ProjectConfigurationPlatforms) = postSolution
		{93E354E7-1E00-4D2A-82D0-57D7927847A8}.Debug|Any CPU.ActiveCfg = Debug|Any CPU
		{93E354E7-1E00-4D2A-82D0-57D7927847A8}.Debug|Any CPU.Build.0 = Debug|Any CPU
		{93E354E7-1E00-4D2A-82D0-57D7927847A8}.Release|Any CPU.ActiveCfg = Release|Any CPU
		{93E354E7-1E00-4D2A-82D0-57D7927847A8}.Release|Any CPU.Build.0 = Release|Any CPU
	EndGlobalSection
	GlobalSection(SolutionProperties) = preSolution
		HideSolutionNode = FALSE
	EndGlobalSection
	GlobalSection(ExtensibilityGlobals) = postSolution
		SolutionGuid = {6FF6B8B5-B906-40DE-AA13-CE964264B31E}
	EndGlobalSection
EndGlobal
